
Microsoft Visual Studio Solution File, Format Version 12.00
# Visual Studio 15
VisualStudioVersion = 15.0.28307.779
MinimumVisualStudioVersion = 10.0.40219.1
Project("{FAE04EC0-301F-11D3-BF4B-00C04F79EFBC}") = "BunnyGame", "BunnyGame\BunnyGame.csproj", "{8432B6A6-A935-4678-BC82-A245BDEA315F}"
EndProject
Global
	GlobalSection(SolutionConfigurationPlatforms) = preSolution
		Debug|Any CPU = Debug|Any CPU
		Release|Any CPU = Release|Any CPU
	EndGlobalSection
	GlobalSection(ProjectConfigurationPlatforms) = postSolution
		{8432B6A6-A935-4678-BC82-A245BDEA315F}.Debug|Any CPU.ActiveCfg = Debug|Any CPU
		{8432B6A6-A935-4678-BC82-A245BDEA315F}.Debug|Any CPU.Build.0 = Debug|Any CPU
		{8432B6A6-A935-4678-BC82-A245BDEA315F}.Release|Any CPU.ActiveCfg = Release|Any CPU
		{8432B6A6-A935-4678-BC82-A245BDEA315F}.Release|Any CPU.Build.0 = Release|Any CPU
	EndGlobalSection
	GlobalSection(SolutionProperties) = preSolution
		HideSolutionNode = FALSE
	EndGlobalSection
	GlobalSection(ExtensibilityGlobals) = postSolution
		SolutionGuid = {A37B998C-940E-4F61-BE96-8B607675A377}
	EndGlobalSection
EndGlobal
